
Microsoft Visual Studio Solution File, Format Version 12.00
# Visual Studio Version 16
VisualStudioVersion = 16.0.30413.136
MinimumVisualStudioVersion = 10.0.40219.1
Project("{2150E333-8FDC-42A3-9474-1A3956D46DE8}") = "source", "source", "{61762CC7-3270-4DA7-BB3B-C9B9FD1BB642}"
EndProject
Project("{2150E333-8FDC-42A3-9474-1A3956D46DE8}") = "tests", "tests", "{261954FD-EC28-4BF1-9D12-244F5FAE226B}"
EndProject
Project("{2150E333-8FDC-42A3-9474-1A3956D46DE8}") = "Model", "Model", "{1CD541C8-DBA2-40F4-BFBE-446E3D75C04F}"
EndProject
Project("{9A19103F-16F7-4668-BE54-9A1E7A4F7556}") = "Any3.Common", "source\Any3.Common\Any3.Common.csproj", "{2E944FB4-1DA2-4308-9E11-3E7185E7DD4F}"
EndProject
Project("{9A19103F-16F7-4668-BE54-9A1E7A4F7556}") = "Any3.Domain", "source\Any3.Domain\Any3.Domain.csproj", "{67FECF29-CD8A-4586-9C9A-06AD8970B9F6}"
EndProject
Project("{9A19103F-16F7-4668-BE54-9A1E7A4F7556}") = "Any3.Services", "source\Any3.Services\Any3.Services.csproj", "{C354405C-7317-4AA1-902E-11C3039655E1}"
EndProject
Project("{9A19103F-16F7-4668-BE54-9A1E7A4F7556}") = "Any3.Model.Contracts", "source\Model\Any3.Contracts\Any3.Model.Contracts.csproj", "{F1B2953B-931C-4D07-88F0-AA529344AB22}"
EndProject
Project("{9A19103F-16F7-4668-BE54-9A1E7A4F7556}") = "Any3.Model.Database", "source\Model\Any3.Database\Any3.Model.Database.csproj", "{1A53D678-DB9B-4C7F-9897-36D2AB7CDF99}"
EndProject
Project("{9A19103F-16F7-4668-BE54-9A1E7A4F7556}") = "Any3.API", "source\Any3.API\Any3.API.csproj", "{F6C3A39E-9582-4709-912D-7A32510082D0}"
EndProject
Project("{9A19103F-16F7-4668-BE54-9A1E7A4F7556}") = "Any3.Services.Tests", "tests\Any3.Services.Tests\Any3.Services.Tests.csproj", "{F5EC790A-F5D3-4B03-A095-BDF292A088DD}"
EndProject
Project("{FAE04EC0-301F-11D3-BF4B-00C04F79EFBC}") = "Any3.Common.Tests", "tests\Any3.Common.Tests\Any3.Common.Tests.csproj", "{7F5F04E5-4F67-4734-9E5A-5139C8D76762}"
EndProject
Global
	GlobalSection(SolutionConfigurationPlatforms) = preSolution
		Debug|Any CPU = Debug|Any CPU
		Release|Any CPU = Release|Any CPU
	EndGlobalSection
	GlobalSection(ProjectConfigurationPlatforms) = postSolution
		{2E944FB4-1DA2-4308-9E11-3E7185E7DD4F}.Debug|Any CPU.ActiveCfg = Debug|Any CPU
		{2E944FB4-1DA2-4308-9E11-3E7185E7DD4F}.Debug|Any CPU.Build.0 = Debug|Any CPU
		{2E944FB4-1DA2-4308-9E11-3E7185E7DD4F}.Release|Any CPU.ActiveCfg = Release|Any CPU
		{2E944FB4-1DA2-4308-9E11-3E7185E7DD4F}.Release|Any CPU.Build.0 = Release|Any CPU
		{67FECF29-CD8A-4586-9C9A-06AD8970B9F6}.Debug|Any CPU.ActiveCfg = Debug|Any CPU
		{67FECF29-CD8A-4586-9C9A-06AD8970B9F6}.Debug|Any CPU.Build.0 = Debug|Any CPU
		{67FECF29-CD8A-4586-9C9A-06AD8970B9F6}.Release|Any CPU.ActiveCfg = Release|Any CPU
		{67FECF29-CD8A-4586-9C9A-06AD8970B9F6}.Release|Any CPU.Build.0 = Release|Any CPU
		{C354405C-7317-4AA1-902E-11C3039655E1}.Debug|Any CPU.ActiveCfg = Debug|Any CPU
		{C354405C-7317-4AA1-902E-11C3039655E1}.Debug|Any CPU.Build.0 = Debug|Any CPU
		{C354405C-7317-4AA1-902E-11C3039655E1}.Release|Any CPU.ActiveCfg = Release|Any CPU
		{C354405C-7317-4AA1-902E-11C3039655E1}.Release|Any CPU.Build.0 = Release|Any CPU
		{F1B2953B-931C-4D07-88F0-AA529344AB22}.Debug|Any CPU.ActiveCfg = Debug|Any CPU
		{F1B2953B-931C-4D07-88F0-AA529344AB22}.Debug|Any CPU.Build.0 = Debug|Any CPU
		{F1B2953B-931C-4D07-88F0-AA529344AB22}.Release|Any CPU.ActiveCfg = Release|Any CPU
		{F1B2953B-931C-4D07-88F0-AA529344AB22}.Release|Any CPU.Build.0 = Release|Any CPU
		{1A53D678-DB9B-4C7F-9897-36D2AB7CDF99}.Debug|Any CPU.ActiveCfg = Debug|Any CPU
		{1A53D678-DB9B-4C7F-9897-36D2AB7CDF99}.Debug|Any CPU.Build.0 = Debug|Any CPU
		{1A53D678-DB9B-4C7F-9897-36D2AB7CDF99}.Release|Any CPU.ActiveCfg = Release|Any CPU
		{1A53D678-DB9B-4C7F-9897-36D2AB7CDF99}.Release|Any CPU.Build.0 = Release|Any CPU
		{F6C3A39E-9582-4709-912D-7A32510082D0}.Debug|Any CPU.ActiveCfg = Debug|Any CPU
		{F6C3A39E-9582-4709-912D-7A32510082D0}.Debug|Any CPU.Build.0 = Debug|Any CPU
		{F6C3A39E-9582-4709-912D-7A32510082D0}.Release|Any CPU.ActiveCfg = Release|Any CPU
		{F6C3A39E-9582-4709-912D-7A32510082D0}.Release|Any CPU.Build.0 = Release|Any CPU
		{F5EC790A-F5D3-4B03-A095-BDF292A088DD}.Debug|Any CPU.ActiveCfg = Debug|Any CPU
		{F5EC790A-F5D3-4B03-A095-BDF292A088DD}.Debug|Any CPU.Build.0 = Debug|Any CPU
		{F5EC790A-F5D3-4B03-A095-BDF292A088DD}.Release|Any CPU.ActiveCfg = Release|Any CPU
		{F5EC790A-F5D3-4B03-A095-BDF292A088DD}.Release|Any CPU.Build.0 = Release|Any CPU
		{7F5F04E5-4F67-4734-9E5A-5139C8D76762}.Debug|Any CPU.ActiveCfg = Debug|Any CPU
		{7F5F04E5-4F67-4734-9E5A-5139C8D76762}.Debug|Any CPU.Build.0 = Debug|Any CPU
		{7F5F04E5-4F67-4734-9E5A-5139C8D76762}.Release|Any CPU.ActiveCfg = Release|Any CPU
		{7F5F04E5-4F67-4734-9E5A-5139C8D76762}.Release|Any CPU.Build.0 = Release|Any CPU
	EndGlobalSection
	GlobalSection(SolutionProperties) = preSolution
		HideSolutionNode = FALSE
	EndGlobalSection
	GlobalSection(NestedProjects) = preSolution
		{1CD541C8-DBA2-40F4-BFBE-446E3D75C04F} = {61762CC7-3270-4DA7-BB3B-C9B9FD1BB642}
		{2E944FB4-1DA2-4308-9E11-3E7185E7DD4F} = {61762CC7-3270-4DA7-BB3B-C9B9FD1BB642}
		{67FECF29-CD8A-4586-9C9A-06AD8970B9F6} = {61762CC7-3270-4DA7-BB3B-C9B9FD1BB642}
		{C354405C-7317-4AA1-902E-11C3039655E1} = {61762CC7-3270-4DA7-BB3B-C9B9FD1BB642}
		{F1B2953B-931C-4D07-88F0-AA529344AB22} = {1CD541C8-DBA2-40F4-BFBE-446E3D75C04F}
		{1A53D678-DB9B-4C7F-9897-36D2AB7CDF99} = {1CD541C8-DBA2-40F4-BFBE-446E3D75C04F}
		{F6C3A39E-9582-4709-912D-7A32510082D0} = {61762CC7-3270-4DA7-BB3B-C9B9FD1BB642}
		{F5EC790A-F5D3-4B03-A095-BDF292A088DD} = {261954FD-EC28-4BF1-9D12-244F5FAE226B}
		{7F5F04E5-4F67-4734-9E5A-5139C8D76762} = {261954FD-EC28-4BF1-9D12-244F5FAE226B}
	EndGlobalSection
	GlobalSection(ExtensibilityGlobals) = postSolution
		SolutionGuid = {0E11A1B5-3CA1-43AD-815B-3A2552A7A3F0}
	EndGlobalSection
EndGlobal
